
Microsoft Visual Studio Solution File, Format Version 12.00
# Visual Studio 15
VisualStudioVersion = 15.0.27130.2024
MinimumVisualStudioVersion = 10.0.40219.1
Project("{2150E333-8FDC-42A3-9474-1A3956D46DE8}") = "Presentation", "Presentation", "{EE8B5D2D-B6D8-4099-BA7E-339C720D74C9}"
EndProject
Project("{2150E333-8FDC-42A3-9474-1A3956D46DE8}") = "Domain", "Domain", "{43CC852D-9191-4B22-AE8B-6DE99EC5836D}"
EndProject
Project("{9A19103F-16F7-4668-BE54-9A1E7A4F7556}") = "Domain", "Domain\Domain.csproj", "{0AC2FA6F-26EE-49D4-9E38-A971D7726081}"
EndProject
Project("{2150E333-8FDC-42A3-9474-1A3956D46DE8}") = "Infra", "Infra", "{67AC7B65-153F-4807-95CC-76229241F138}"
EndProject
Project("{2150E333-8FDC-42A3-9474-1A3956D46DE8}") = "Data", "Data", "{229E4768-5718-44EA-8C6F-0935AA51F47D}"
EndProject
Project("{2150E333-8FDC-42A3-9474-1A3956D46DE8}") = "Identity", "Identity", "{897F24D6-37F3-45ED-9D73-C2FA19C7E45D}"
EndProject
Project("{2150E333-8FDC-42A3-9474-1A3956D46DE8}") = "IoC", "IoC", "{9BCA572D-4D60-425E-8C80-D642690E9E01}"
EndProject
Project("{9A19103F-16F7-4668-BE54-9A1E7A4F7556}") = "Data", "Data\Data.csproj", "{ACF5035A-1230-4C00-8EF5-FF9721C96819}"
EndProject
Project("{9A19103F-16F7-4668-BE54-9A1E7A4F7556}") = "Identity", "Identity\Identity.csproj", "{7D3FF5AF-E25B-46E5-85A9-45426D036FD0}"
EndProject
Project("{9A19103F-16F7-4668-BE54-9A1E7A4F7556}") = "IoC", "IoC\IoC.csproj", "{12368EA5-BB2F-47D7-9338-077F4FEEE446}"
EndProject
Project("{9A19103F-16F7-4668-BE54-9A1E7A4F7556}") = "Presentation", "Presentation\Presentation.csproj", "{AF37207F-33B6-444A-9236-B0F1ABA80659}"
EndProject
Project("{2150E333-8FDC-42A3-9474-1A3956D46DE8}") = "CrossCutting", "CrossCutting", "{A74C621B-8D37-4AB9-B90F-1B5D18B790AA}"
EndProject
Project("{FAE04EC0-301F-11D3-BF4B-00C04F79EFBC}") = "Bus", "Bus\Bus.csproj", "{D8AD32A1-B120-4E63-B4E8-73F5217DA87F}"
EndProject
Project("{2150E333-8FDC-42A3-9474-1A3956D46DE8}") = "Logger", "Logger", "{A2E04596-72F9-4F9B-9E29-0624CC2F521D}"
EndProject
Project("{FAE04EC0-301F-11D3-BF4B-00C04F79EFBC}") = "Logger", "Logger\Logger.csproj", "{BBF572C5-2E06-48E1-A279-3DCB43375CFC}"
EndProject
Global
	GlobalSection(SolutionConfigurationPlatforms) = preSolution
		Debug|Any CPU = Debug|Any CPU
		Release|Any CPU = Release|Any CPU
	EndGlobalSection
	GlobalSection(ProjectConfigurationPlatforms) = postSolution
		{0AC2FA6F-26EE-49D4-9E38-A971D7726081}.Debug|Any CPU.ActiveCfg = Debug|Any CPU
		{0AC2FA6F-26EE-49D4-9E38-A971D7726081}.Debug|Any CPU.Build.0 = Debug|Any CPU
		{0AC2FA6F-26EE-49D4-9E38-A971D7726081}.Release|Any CPU.ActiveCfg = Release|Any CPU
		{0AC2FA6F-26EE-49D4-9E38-A971D7726081}.Release|Any CPU.Build.0 = Release|Any CPU
		{ACF5035A-1230-4C00-8EF5-FF9721C96819}.Debug|Any CPU.ActiveCfg = Debug|Any CPU
		{ACF5035A-1230-4C00-8EF5-FF9721C96819}.Debug|Any CPU.Build.0 = Debug|Any CPU
		{ACF5035A-1230-4C00-8EF5-FF9721C96819}.Release|Any CPU.ActiveCfg = Release|Any CPU
		{ACF5035A-1230-4C00-8EF5-FF9721C96819}.Release|Any CPU.Build.0 = Release|Any CPU
		{7D3FF5AF-E25B-46E5-85A9-45426D036FD0}.Debug|Any CPU.ActiveCfg = Debug|Any CPU
		{7D3FF5AF-E25B-46E5-85A9-45426D036FD0}.Debug|Any CPU.Build.0 = Debug|Any CPU
		{7D3FF5AF-E25B-46E5-85A9-45426D036FD0}.Release|Any CPU.ActiveCfg = Release|Any CPU
		{7D3FF5AF-E25B-46E5-85A9-45426D036FD0}.Release|Any CPU.Build.0 = Release|Any CPU
		{12368EA5-BB2F-47D7-9338-077F4FEEE446}.Debug|Any CPU.ActiveCfg = Debug|Any CPU
		{12368EA5-BB2F-47D7-9338-077F4FEEE446}.Debug|Any CPU.Build.0 = Debug|Any CPU
		{12368EA5-BB2F-47D7-9338-077F4FEEE446}.Release|Any CPU.ActiveCfg = Release|Any CPU
		{12368EA5-BB2F-47D7-9338-077F4FEEE446}.Release|Any CPU.Build.0 = Release|Any CPU
		{AF37207F-33B6-444A-9236-B0F1ABA80659}.Debug|Any CPU.ActiveCfg = Debug|Any CPU
		{AF37207F-33B6-444A-9236-B0F1ABA80659}.Debug|Any CPU.Build.0 = Debug|Any CPU
		{AF37207F-33B6-444A-9236-B0F1ABA80659}.Release|Any CPU.ActiveCfg = Release|Any CPU
		{AF37207F-33B6-444A-9236-B0F1ABA80659}.Release|Any CPU.Build.0 = Release|Any CPU
		{D8AD32A1-B120-4E63-B4E8-73F5217DA87F}.Debug|Any CPU.ActiveCfg = Debug|Any CPU
		{D8AD32A1-B120-4E63-B4E8-73F5217DA87F}.Debug|Any CPU.Build.0 = Debug|Any CPU
		{D8AD32A1-B120-4E63-B4E8-73F5217DA87F}.Release|Any CPU.ActiveCfg = Release|Any CPU
		{D8AD32A1-B120-4E63-B4E8-73F5217DA87F}.Release|Any CPU.Build.0 = Release|Any CPU
		{BBF572C5-2E06-48E1-A279-3DCB43375CFC}.Debug|Any CPU.ActiveCfg = Debug|Any CPU
		{BBF572C5-2E06-48E1-A279-3DCB43375CFC}.Debug|Any CPU.Build.0 = Debug|Any CPU
		{BBF572C5-2E06-48E1-A279-3DCB43375CFC}.Release|Any CPU.ActiveCfg = Release|Any CPU
		{BBF572C5-2E06-48E1-A279-3DCB43375CFC}.Release|Any CPU.Build.0 = Release|Any CPU
	EndGlobalSection
	GlobalSection(SolutionProperties) = preSolution
		HideSolutionNode = FALSE
	EndGlobalSection
	GlobalSection(NestedProjects) = preSolution
		{0AC2FA6F-26EE-49D4-9E38-A971D7726081} = {43CC852D-9191-4B22-AE8B-6DE99EC5836D}
		{229E4768-5718-44EA-8C6F-0935AA51F47D} = {67AC7B65-153F-4807-95CC-76229241F138}
		{897F24D6-37F3-45ED-9D73-C2FA19C7E45D} = {67AC7B65-153F-4807-95CC-76229241F138}
		{9BCA572D-4D60-425E-8C80-D642690E9E01} = {67AC7B65-153F-4807-95CC-76229241F138}
		{ACF5035A-1230-4C00-8EF5-FF9721C96819} = {229E4768-5718-44EA-8C6F-0935AA51F47D}
		{7D3FF5AF-E25B-46E5-85A9-45426D036FD0} = {897F24D6-37F3-45ED-9D73-C2FA19C7E45D}
		{12368EA5-BB2F-47D7-9338-077F4FEEE446} = {9BCA572D-4D60-425E-8C80-D642690E9E01}
		{AF37207F-33B6-444A-9236-B0F1ABA80659} = {EE8B5D2D-B6D8-4099-BA7E-339C720D74C9}
		{A74C621B-8D37-4AB9-B90F-1B5D18B790AA} = {67AC7B65-153F-4807-95CC-76229241F138}
		{D8AD32A1-B120-4E63-B4E8-73F5217DA87F} = {A74C621B-8D37-4AB9-B90F-1B5D18B790AA}
		{A2E04596-72F9-4F9B-9E29-0624CC2F521D} = {67AC7B65-153F-4807-95CC-76229241F138}
		{BBF572C5-2E06-48E1-A279-3DCB43375CFC} = {A2E04596-72F9-4F9B-9E29-0624CC2F521D}
	EndGlobalSection
	GlobalSection(ExtensibilityGlobals) = postSolution
		SolutionGuid = {C51E1CE5-6AEB-41BF-9786-2AF959B7652B}
	EndGlobalSection
EndGlobal
